# This file was autogenerated by Stack.
# You should not edit this file by hand.
# For more information, please see the documentation at:
#   https://docs.haskellstack.org/en/stable/lock_files

packages: []
snapshots:
- completed:
    sha256: 82f12d331b7d1c6eb8cd57f8dc43c24f19fadf9fb913db800b56310e5e6d2d61
    size: 644486
    url: https://raw.githubusercontent.com/commercialhaskell/stackage-snapshots/master/nightly/2022/10/24.yaml
  original: nightly-2022-10-24
